{
  "version": 4,
  "terraform_version": "1.3.7",
  "serial": 61,
  "lineage": "d5bb04ac-adca-03c8-f9c3-6183237779f1",
  "outputs": {},
  "resources": [
    {
      "mode": "data",
      "type": "google_client_config",
      "name": "default",
      "provider": "provider[\"registry.terraform.io/hashicorp/google\"]",
      "instances": [
        {
          "schema_version": 0,
          "attributes": {
            "access_token": "ya29.a0AX9GBdW0ZoHwlLZL6PhjQPFuHUarYTXTgPFWb-aM3IKjWukub-gcAy1C0sq3oZaqbXNlS8JHX9wrjwx1HmWIq9Y_aCmwN7vKX2n7ehTG0tXoKEJukPO-pUXyVASfWBeFVzc4ibJKLFVPTW0c5ASHW5d2wRPM5LM4rAaCgYKAaQSAQASFQHUCsbC_gwQEmqHzj7d1OBTRhkgpQ0169",
            "id": "projects/launchboxhq/regions/us-east1/zones/",
            "project": "launchboxhq",
            "region": "us-east1",
            "zone": ""
          },
          "sensitive_attributes": []
        }
      ]
    },
    {
      "mode": "managed",
      "type": "google_container_cluster",
      "name": "primary",
      "provider": "provider[\"registry.terraform.io/hashicorp/google\"]",
      "instances": [
        {
          "schema_version": 1,
          "attributes": {
            "addons_config": [
              {
                "cloudrun_config": [],
                "dns_cache_config": [],
                "gce_persistent_disk_csi_driver_config": [
                  {
                    "enabled": true
                  }
                ],
                "gcp_filestore_csi_driver_config": [],
                "gke_backup_agent_config": [],
                "horizontal_pod_autoscaling": [],
                "http_load_balancing": [],
                "network_policy_config": [
                  {
                    "disabled": true
                  }
                ]
              }
            ],
            "authenticator_groups_config": [],
            "binary_authorization": [
              {
                "enabled": false,
                "evaluation_mode": ""
              }
            ],
            "cluster_autoscaling": [
              {
                "auto_provisioning_defaults": [],
                "enabled": false,
                "resource_limits": []
              }
            ],
            "cluster_ipv4_cidr": "10.0.0.0/14",
            "confidential_nodes": [],
            "cost_management_config": [],
            "database_encryption": [
              {
                "key_name": "",
                "state": "DECRYPTED"
              }
            ],
            "datapath_provider": "",
            "default_max_pods_per_node": null,
            "default_snat_status": [
              {
                "disabled": false
              }
            ],
            "description": "",
            "dns_config": [],
            "enable_autopilot": false,
            "enable_binary_authorization": false,
            "enable_intranode_visibility": false,
            "enable_kubernetes_alpha": false,
            "enable_l4_ilb_subsetting": false,
            "enable_legacy_abac": false,
            "enable_shielded_nodes": true,
            "enable_tpu": false,
            "endpoint": "35.227.108.75",
            "gateway_api_config": [],
            "id": "projects/launchboxhq/locations/us-east1/clusters/launchboxhq-jzgzbwkv",
            "initial_node_count": 1,
            "ip_allocation_policy": [],
            "label_fingerprint": "a9dc16a7",
            "location": "us-east1",
            "logging_config": [
              {
                "enable_components": []
              }
            ],
            "logging_service": "none",
            "maintenance_policy": [],
            "master_auth": [
              {
                "client_certificate": "",
                "client_certificate_config": [
                  {
                    "issue_client_certificate": false
                  }
                ],
                "client_key": "",
                "cluster_ca_certificate": "LS0tLS1CRUdJTiBDRVJUSUZJQ0FURS0tLS0tCk1JSUVMRENDQXBTZ0F3SUJBZ0lRSGpDa3kyRS8yZW5sdmM5VEJEQ3JxREFOQmdrcWhraUc5dzBCQVFzRkFEQXYKTVMwd0t3WURWUVFERXlSbU9XUXdNalkzT0MxbU56bGpMVFJrTVdFdFlXTmtOQzFqWWpZMk5USmlaVGhrTURrdwpJQmNOTWpNd01USXhNVFl3T0RVMVdoZ1BNakExTXpBeE1UTXhOekE0TlRWYU1DOHhMVEFyQmdOVkJBTVRKR1k1ClpEQXlOamM0TFdZM09XTXROR1F4WVMxaFkyUTBMV05pTmpZMU1tSmxPR1F3T1RDQ0FhSXdEUVlKS29aSWh2Y04KQVFFQkJRQURnZ0dQQURDQ0FZb0NnZ0dCQU1rRGhkeUZqN1ZwRHJtaUgwOW9ybzlnMnBZVlovY3NsRW1OV0VpegphVE9lcnQrWi8xRnM4M0pLbjlYZStrZ1V3RG1YV2pGeHJBQXlRSllVMWFVd0JPQ01jS3FCOWRGRis3aHptQmNrCjVRZmN1MlM3NHFQeUdQQ2lKUmJpSVNmSmdoZEtyV1pvZm4wbGM1bzRKRDY1bkxscGhsMU5tQTBRa1NOU1V3QVIKZ01Fa0N1UVR5VmxqWDJIdnVOaFpLNWhpRFgvclpnTWIrMmQySVo1d0lpaFJKWkJvdWRWV25zZmE1bWN0Wml6UwpwYVRndFVEdTdtY0ZVZ2NzWDdYUk5yL1VkY2U4VUlDbEc0TjQ5TXdBZjBSRFZURjQzdlFwL1Y0UmtnaFdIbklICnFndmQ0Z1hZejh1OFlkNzB0Qkt0L25wR0ZrcENmaUUydkJKUk1oWE82ODVhSVFURzV4RXNXVHhXeng5SGVzdzAKWlo3QWRFYzc5UmI2R05EcE9WWFpUaURCTEZseTFacXo3cG5VZXI4bmVPWlAvUkVNaUJwOEtiWDNKeUhDQmk1TApISEUramx2OEUySkRBLzdHL0UzVm95cXhYQ1FVUHNNY0VvMzcyWU84SVFZRnpSWk80UjlYTFVKeUxCTEhwYS9aCkFGQzdEYnpmRVlQclNGOHM0VHA5ZlBFcmRRSURBUUFCbzBJd1FEQU9CZ05WSFE4QkFmOEVCQU1DQWdRd0R3WUQKVlIwVEFRSC9CQVV3QXdFQi96QWRCZ05WSFE0RUZnUVVYeDU2NHA2V0RLMUxGUGpWSk1tL01pSlNiS1V3RFFZSgpLb1pJaHZjTkFRRUxCUUFEZ2dHQkFKY0VBSVF4N3FsaE91c0s5TVNSTlpRYVdnc2JIS3FvVDFRZXVYNGl5ZFhSCmR0S09uUCs1Mi9CUXB0SXJJU3cycUZ4MnRacS9MUkp3UFZ3SEROUVNPSkNxalplTHdzbEc1OXQ0NTJEM09Jcm0KZGQvOE1BZjJoazdyVTR4SHZGV2wxL0pJbmxRM3VqV1Q5SjBPY2ZyWnNCd2VobnpLanpRYnZackVNREJENWtPbApHc0hwcTRDV1BRRkdUdHlYK2JMWDcxMWhNNDd1STZFNnRad2J3WmVna245V09vei9lU0VXak16cDQ2K09wYmtECjdqeEd2Y0FUUDhNN3FjSWp1NkJqZFhwcDQ3c3FuVUh5akVQVmhmeHk1b0JNdkVUUU5mWTZWQzdKL0JBQ1dDMEsKNytsYzFsT3NWdUtvUlJBRlMyRlFKQ1BzOTVYL3Bac2ZUbUZ2Z25KeXpLKzJZanc3VW5uYjk1djhReEN1NHliVgpweFhzOVkwb2NTekdhelZLQldHOUxQTWw2U29rWWdFY3ZoaExOSStrc1ozeUc5cER1REV0RzNSWjQzazdRaUNiClJkNnFGMWNrVUZnUGRpdFNhSENvUmI5V0prTkRDR20xUHNJTnFZdDgyTUtFQmN3V1ZpT05zZ1RUb09CNStNSEwKQmZ5ajg0Q29PTnoyOUpzeUpFZXAvZz09Ci0tLS0tRU5EIENFUlRJRklDQVRFLS0tLS0K"
              }
            ],
            "master_authorized_networks_config": [],
            "master_version": "1.24.8-gke.2000",
            "mesh_certificates": [],
            "min_master_version": null,
            "monitoring_config": [
              {
                "enable_components": [
                  "SYSTEM_COMPONENTS"
                ],
                "managed_prometheus": []
              }
            ],
            "monitoring_service": "monitoring.googleapis.com/kubernetes",
            "name": "launchboxhq-jzgzbwkv",
            "network": "projects/launchboxhq/global/networks/default",
            "network_policy": [
              {
                "enabled": false,
                "provider": "PROVIDER_UNSPECIFIED"
              }
            ],
            "networking_mode": "ROUTES",
            "node_config": [
              {
                "boot_disk_kms_key": "",
                "disk_size_gb": 100,
                "disk_type": "pd-balanced",
                "gcfs_config": [],
                "guest_accelerator": [],
                "gvnic": [],
                "image_type": "COS_CONTAINERD",
                "kubelet_config": [],
                "labels": {},
                "linux_node_config": [],
                "local_ssd_count": 0,
                "logging_variant": "DEFAULT",
                "machine_type": "e2-standard-2",
                "metadata": {
                  "disable-legacy-endpoints": "true"
                },
                "min_cpu_platform": "",
                "node_group": "",
                "oauth_scopes": [
                  "https://www.googleapis.com/auth/cloud-platform"
                ],
                "preemptible": true,
                "reservation_affinity": [],
                "resource_labels": {},
                "service_account": "launchboxhq-jzgzbwkv@launchboxhq.iam.gserviceaccount.com",
                "shielded_instance_config": [
                  {
                    "enable_integrity_monitoring": true,
                    "enable_secure_boot": false
                  }
                ],
                "spot": false,
                "tags": [],
                "taint": [],
                "workload_metadata_config": []
              }
            ],
            "node_locations": [
              "us-east1-b",
              "us-east1-c",
              "us-east1-d"
            ],
            "node_pool": [
              {
                "autoscaling": [],
                "initial_node_count": 3,
                "instance_group_urls": [
                  "https://www.googleapis.com/compute/v1/projects/launchboxhq/zones/us-east1-d/instanceGroupManagers/gke-launchboxhq-jzgz-launchboxhq-jzgz-411cb411-grp",
                  "https://www.googleapis.com/compute/v1/projects/launchboxhq/zones/us-east1-b/instanceGroupManagers/gke-launchboxhq-jzgz-launchboxhq-jzgz-bf5010a0-grp",
                  "https://www.googleapis.com/compute/v1/projects/launchboxhq/zones/us-east1-c/instanceGroupManagers/gke-launchboxhq-jzgz-launchboxhq-jzgz-74556829-grp"
                ],
                "managed_instance_group_urls": [
                  "https://www.googleapis.com/compute/v1/projects/launchboxhq/zones/us-east1-d/instanceGroups/gke-launchboxhq-jzgz-launchboxhq-jzgz-411cb411-grp",
                  "https://www.googleapis.com/compute/v1/projects/launchboxhq/zones/us-east1-b/instanceGroups/gke-launchboxhq-jzgz-launchboxhq-jzgz-bf5010a0-grp",
                  "https://www.googleapis.com/compute/v1/projects/launchboxhq/zones/us-east1-c/instanceGroups/gke-launchboxhq-jzgz-launchboxhq-jzgz-74556829-grp"
                ],
                "management": [
                  {
                    "auto_repair": true,
                    "auto_upgrade": true
                  }
                ],
                "max_pods_per_node": 0,
                "name": "launchboxhq-jzgzbwkv-default",
                "name_prefix": "",
                "network_config": [
                  {
                    "create_pod_range": false,
                    "enable_private_nodes": false,
                    "pod_ipv4_cidr_block": "",
                    "pod_range": ""
                  }
                ],
                "node_config": [
                  {
                    "boot_disk_kms_key": "",
                    "disk_size_gb": 100,
                    "disk_type": "pd-balanced",
                    "gcfs_config": [],
                    "guest_accelerator": [],
                    "gvnic": [],
                    "image_type": "COS_CONTAINERD",
                    "kubelet_config": [],
                    "labels": {},
                    "linux_node_config": [],
                    "local_ssd_count": 0,
                    "logging_variant": "DEFAULT",
                    "machine_type": "e2-standard-2",
                    "metadata": {
                      "disable-legacy-endpoints": "true"
                    },
                    "min_cpu_platform": "",
                    "node_group": "",
                    "oauth_scopes": [
                      "https://www.googleapis.com/auth/cloud-platform"
                    ],
                    "preemptible": true,
                    "reservation_affinity": [],
                    "resource_labels": {},
                    "service_account": "launchboxhq-jzgzbwkv@launchboxhq.iam.gserviceaccount.com",
                    "shielded_instance_config": [
                      {
                        "enable_integrity_monitoring": true,
                        "enable_secure_boot": false
                      }
                    ],
                    "spot": false,
                    "tags": [],
                    "taint": [],
                    "workload_metadata_config": []
                  }
                ],
                "node_count": 3,
                "node_locations": [
                  "us-east1-b",
                  "us-east1-c",
                  "us-east1-d"
                ],
                "placement_policy": [],
                "upgrade_settings": [
                  {
                    "blue_green_settings": [],
                    "max_surge": 1,
                    "max_unavailable": 0,
                    "strategy": "SURGE"
                  }
                ],
                "version": "1.24.8-gke.2000"
              }
            ],
            "node_pool_defaults": [
              {
                "node_config_defaults": [
                  {
                    "logging_variant": "DEFAULT"
                  }
                ]
              }
            ],
            "node_version": "1.24.8-gke.2000",
            "notification_config": [
              {
                "pubsub": [
                  {
                    "enabled": false,
                    "filter": [],
                    "topic": ""
                  }
                ]
              }
            ],
            "operation": null,
            "private_cluster_config": [
              {
                "enable_private_endpoint": false,
                "enable_private_nodes": false,
                "master_global_access_config": [
                  {
                    "enabled": false
                  }
                ],
                "master_ipv4_cidr_block": "",
                "peering_name": "",
                "private_endpoint": "10.142.0.2",
                "private_endpoint_subnetwork": "",
                "public_endpoint": "35.227.108.75"
              }
            ],
            "private_ipv6_google_access": "",
            "project": "launchboxhq",
            "release_channel": [
              {
                "channel": "REGULAR"
              }
            ],
            "remove_default_node_pool": true,
            "resource_labels": {},
            "resource_usage_export_config": [],
            "self_link": "https://container.googleapis.com/v1/projects/launchboxhq/locations/us-east1/clusters/launchboxhq-jzgzbwkv",
            "service_external_ips_config": [
              {
                "enabled": false
              }
            ],
            "services_ipv4_cidr": "10.3.240.0/20",
            "subnetwork": "projects/launchboxhq/regions/us-east1/subnetworks/default",
            "timeouts": null,
            "tpu_ipv4_cidr_block": "",
            "vertical_pod_autoscaling": [],
            "workload_identity_config": []
          },
          "sensitive_attributes": [],
          "private": "eyJlMmJmYjczMC1lY2FhLTExZTYtOGY4OC0zNDM2M2JjN2M0YzAiOnsiY3JlYXRlIjoyNDAwMDAwMDAwMDAwLCJkZWxldGUiOjI0MDAwMDAwMDAwMDAsInJlYWQiOjI0MDAwMDAwMDAwMDAsInVwZGF0ZSI6MzYwMDAwMDAwMDAwMH0sInNjaGVtYV92ZXJzaW9uIjoiMSJ9",
          "dependencies": [
            "random_string.cluster"
          ]
        }
      ]
    },
    {
      "mode": "managed",
      "type": "kubernetes_namespace",
      "name": "lbx-system",
      "provider": "provider[\"registry.terraform.io/hashicorp/kubernetes\"]",
      "instances": [
        {
          "schema_version": 0,
          "attributes": {
            "id": "lbx-system",
            "metadata": [
              {
                "annotations": {},
                "generate_name": "",
                "generation": 0,
                "labels": {},
                "name": "lbx-system",
                "resource_version": "3802",
                "uid": "449ff861-e038-4b99-a691-8d90a911eb9e"
              }
            ],
            "timeouts": null
          },
          "sensitive_attributes": [],
          "private": "eyJlMmJmYjczMC1lY2FhLTExZTYtOGY4OC0zNDM2M2JjN2M0YzAiOnsiZGVsZXRlIjozMDAwMDAwMDAwMDB9fQ==",
          "dependencies": [
            "data.google_client_config.default",
            "google_container_cluster.primary",
            "random_string.cluster"
          ]
        }
      ]
    },
    {
      "mode": "managed",
      "type": "random_string",
      "name": "cluster",
      "provider": "provider[\"registry.terraform.io/hashicorp/random\"]",
      "instances": [
        {
          "schema_version": 2,
          "attributes": {
            "id": "jzgzbwkv",
            "keepers": null,
            "length": 8,
            "lower": true,
            "min_lower": 0,
            "min_numeric": 0,
            "min_special": 0,
            "min_upper": 0,
            "number": false,
            "numeric": false,
            "override_special": null,
            "result": "jzgzbwkv",
            "special": false,
            "upper": false
          },
          "sensitive_attributes": []
        }
      ]
    }
  ],
  "check_results": null
}
